
Microsoft Visual Studio Solution File, Format Version 12.00
# Visual Studio Version 16
VisualStudioVersion = 16.0.30320.27
MinimumVisualStudioVersion = 10.0.40219.1
Project("{FAE04EC0-301F-11D3-BF4B-00C04F79EFBC}") = "BankingSystem", "BankingSystem\BankingSystem.csproj", "{BE9D80BD-57A3-45A8-A2A8-50101199F6FA}"
EndProject
Global
	GlobalSection(SolutionConfigurationPlatforms) = preSolution
		Debug|Any CPU = Debug|Any CPU
		Release|Any CPU = Release|Any CPU
	EndGlobalSection
	GlobalSection(ProjectConfigurationPlatforms) = postSolution
		{BE9D80BD-57A3-45A8-A2A8-50101199F6FA}.Debug|Any CPU.ActiveCfg = Debug|Any CPU
		{BE9D80BD-57A3-45A8-A2A8-50101199F6FA}.Debug|Any CPU.Build.0 = Debug|Any CPU
		{BE9D80BD-57A3-45A8-A2A8-50101199F6FA}.Release|Any CPU.ActiveCfg = Release|Any CPU
		{BE9D80BD-57A3-45A8-A2A8-50101199F6FA}.Release|Any CPU.Build.0 = Release|Any CPU
	EndGlobalSection
	GlobalSection(SolutionProperties) = preSolution
		HideSolutionNode = FALSE
	EndGlobalSection
	GlobalSection(ExtensibilityGlobals) = postSolution
		SolutionGuid = {B0509AA6-A37A-47BC-BECD-977EF6A6E652}
	EndGlobalSection
EndGlobal
